{
  "requires": true,
  "lockfileVersion": 1,
  "dependencies": {
    "highcharts": {
      "version": "7.0.3",
      "resolved": "https://registry.npmjs.org/highcharts/-/highcharts-7.0.3.tgz",
      "integrity": "sha512-ubfHLDqKZkGLfDGWYPaa9txLwiJDSWphMZ15xdC0RKKKxZ2ZBc13+MjDfz5ARpYGQvCHmytGOGFUgRWEvkOhNA=="
    }
  }
}
